
Microsoft Visual Studio Solution File, Format Version 12.00
# Visual Studio Version 17
VisualStudioVersion = 17.1.32421.90
MinimumVisualStudioVersion = 10.0.40219.1
Project("{FAE04EC0-301F-11D3-BF4B-00C04F79EFBC}") = "Shoptimal", "Shoptimal.csproj", "{207D66B4-AE20-493E-907B-E2BA975511D8}"
EndProject
Global
	GlobalSection(SolutionConfigurationPlatforms) = preSolution
		Debug|Any CPU = Debug|Any CPU
		Release|Any CPU = Release|Any CPU
	EndGlobalSection
	GlobalSection(ProjectConfigurationPlatforms) = postSolution
		{207D66B4-AE20-493E-907B-E2BA975511D8}.Debug|Any CPU.ActiveCfg = Debug|Any CPU
		{207D66B4-AE20-493E-907B-E2BA975511D8}.Debug|Any CPU.Build.0 = Debug|Any CPU
		{207D66B4-AE20-493E-907B-E2BA975511D8}.Release|Any CPU.ActiveCfg = Release|Any CPU
		{207D66B4-AE20-493E-907B-E2BA975511D8}.Release|Any CPU.Build.0 = Release|Any CPU
	EndGlobalSection
	GlobalSection(SolutionProperties) = preSolution
		HideSolutionNode = FALSE
	EndGlobalSection
	GlobalSection(ExtensibilityGlobals) = postSolution
		SolutionGuid = {E7B27F3A-CC33-4569-B7AB-DAD6681E7330}
	EndGlobalSection
EndGlobal
